
Microsoft Visual Studio Solution File, Format Version 12.00
# Visual Studio 15
VisualStudioVersion = 15.0.28307.489
MinimumVisualStudioVersion = 10.0.40219.1
Project("{FAE04EC0-301F-11D3-BF4B-00C04F79EFBC}") = "MoviesApp", "MoviesApp\MoviesApp.csproj", "{022048E6-2240-4301-9EA3-9236A4F1E7B2}"
EndProject
Global
	GlobalSection(SolutionConfigurationPlatforms) = preSolution
		Debug|Any CPU = Debug|Any CPU
		Release|Any CPU = Release|Any CPU
	EndGlobalSection
	GlobalSection(ProjectConfigurationPlatforms) = postSolution
		{022048E6-2240-4301-9EA3-9236A4F1E7B2}.Debug|Any CPU.ActiveCfg = Debug|Any CPU
		{022048E6-2240-4301-9EA3-9236A4F1E7B2}.Debug|Any CPU.Build.0 = Debug|Any CPU
		{022048E6-2240-4301-9EA3-9236A4F1E7B2}.Release|Any CPU.ActiveCfg = Release|Any CPU
		{022048E6-2240-4301-9EA3-9236A4F1E7B2}.Release|Any CPU.Build.0 = Release|Any CPU
	EndGlobalSection
	GlobalSection(SolutionProperties) = preSolution
		HideSolutionNode = FALSE
	EndGlobalSection
	GlobalSection(ExtensibilityGlobals) = postSolution
		SolutionGuid = {D75F1308-8E41-44A6-8D3D-8F41443F6827}
	EndGlobalSection
EndGlobal
