
Microsoft Visual Studio Solution File, Format Version 12.00
# Visual Studio 15
VisualStudioVersion = 15.0.28010.2046
MinimumVisualStudioVersion = 10.0.40219.1
Project("{FAE04EC0-301F-11D3-BF4B-00C04F79EFBC}") = "Payroll", "Payroll\Payroll.csproj", "{FFD978DA-C05B-4734-8EA0-BA91204E96B1}"
EndProject
Global
	GlobalSection(SolutionConfigurationPlatforms) = preSolution
		Debug|Any CPU = Debug|Any CPU
		Release|Any CPU = Release|Any CPU
	EndGlobalSection
	GlobalSection(ProjectConfigurationPlatforms) = postSolution
		{FFD978DA-C05B-4734-8EA0-BA91204E96B1}.Debug|Any CPU.ActiveCfg = Debug|Any CPU
		{FFD978DA-C05B-4734-8EA0-BA91204E96B1}.Debug|Any CPU.Build.0 = Debug|Any CPU
		{FFD978DA-C05B-4734-8EA0-BA91204E96B1}.Release|Any CPU.ActiveCfg = Release|Any CPU
		{FFD978DA-C05B-4734-8EA0-BA91204E96B1}.Release|Any CPU.Build.0 = Release|Any CPU
	EndGlobalSection
	GlobalSection(SolutionProperties) = preSolution
		HideSolutionNode = FALSE
	EndGlobalSection
	GlobalSection(ExtensibilityGlobals) = postSolution
		SolutionGuid = {3820552B-1BE8-4F3F-8AB4-D7A6DDC9ED1B}
	EndGlobalSection
EndGlobal
